
Microsoft Visual Studio Solution File, Format Version 12.00
# Visual Studio Version 17
VisualStudioVersion = 17.5.33414.496
MinimumVisualStudioVersion = 10.0.40219.1
Project("{9A19103F-16F7-4668-BE54-9A1E7A4F7556}") = "Elders.Cronus.Persistence.Cassandra.Migrator_v8_to_v9", "Elders.Cronus.Persistence.Cassandra.Migrator_v8_to_v9\Elders.Cronus.Persistence.Cassandra.Migrator_v8_to_v9.csproj", "{2766DACE-8062-4EB5-80B4-9B1A86DEE4FB}"
EndProject
Project("{9A19103F-16F7-4668-BE54-9A1E7A4F7556}") = "Log", "Log\Log.csproj", "{630717D0-7604-4197-8182-BA08CD7F8211}"
EndProject
Global
	GlobalSection(SolutionConfigurationPlatforms) = preSolution
		Debug|Any CPU = Debug|Any CPU
		Release|Any CPU = Release|Any CPU
	EndGlobalSection
	GlobalSection(ProjectConfigurationPlatforms) = postSolution
		{2766DACE-8062-4EB5-80B4-9B1A86DEE4FB}.Debug|Any CPU.ActiveCfg = Debug|Any CPU
		{2766DACE-8062-4EB5-80B4-9B1A86DEE4FB}.Debug|Any CPU.Build.0 = Debug|Any CPU
		{2766DACE-8062-4EB5-80B4-9B1A86DEE4FB}.Release|Any CPU.ActiveCfg = Release|Any CPU
		{2766DACE-8062-4EB5-80B4-9B1A86DEE4FB}.Release|Any CPU.Build.0 = Release|Any CPU
		{630717D0-7604-4197-8182-BA08CD7F8211}.Debug|Any CPU.ActiveCfg = Debug|Any CPU
		{630717D0-7604-4197-8182-BA08CD7F8211}.Debug|Any CPU.Build.0 = Debug|Any CPU
		{630717D0-7604-4197-8182-BA08CD7F8211}.Release|Any CPU.ActiveCfg = Release|Any CPU
		{630717D0-7604-4197-8182-BA08CD7F8211}.Release|Any CPU.Build.0 = Release|Any CPU
	EndGlobalSection
	GlobalSection(SolutionProperties) = preSolution
		HideSolutionNode = FALSE
	EndGlobalSection
	GlobalSection(ExtensibilityGlobals) = postSolution
		SolutionGuid = {807598FD-425C-457B-8814-124C93DD9DEE}
	EndGlobalSection
EndGlobal
